// !$*UTF8*$!
{
	archiveVersion = 1;
	classes = {
	};
	objectVersion = 55;
	objects = {

/* Begin PBXBuildFile section */
		6A393B6B2860D71400C98A2C /* portalViewApp.swift in Sources */ = {isa = PBXBuildFile; fileRef = 6A393B6A2860D71400C98A2C /* portalViewApp.swift */; };
		6A393B6D2860D71400C98A2C /* ContentView.swift in Sources */ = {isa = PBXBuildFile; fileRef = 6A393B6C2860D71400C98A2C /* ContentView.swift */; };
		6A393B6F2860D71500C98A2C /* Assets.xcassets in Resources */ = {isa = PBXBuildFile; fileRef = 6A393B6E2860D71500C98A2C /* Assets.xcassets */; };
		6A393B722860D71500C98A2C /* Preview Assets.xcassets in Resources */ = {isa = PBXBuildFile; fileRef = 6A393B712860D71500C98A2C /* Preview Assets.xcassets */; };
		6A393B7928619A5500C98A2C /* MenuView.swift in Sources */ = {isa = PBXBuildFile; fileRef = 6A393B7828619A5500C98A2C /* MenuView.swift */; };
		6A43B7262875BCBF00BA4EEF /* UpdateRow.swift in Sources */ = {isa = PBXBuildFile; fileRef = 6A43B7252875BCBF00BA4EEF /* UpdateRow.swift */; };
		6A43B7282875BD6500BA4EEF /* UpdateDetailView.swift in Sources */ = {isa = PBXBuildFile; fileRef = 6A43B7272875BD6500BA4EEF /* UpdateDetailView.swift */; };
		6A43B72A2875C74A00BA4EEF /* UpdateStore.swift in Sources */ = {isa = PBXBuildFile; fileRef = 6A43B7292875C74A00BA4EEF /* UpdateStore.swift */; };
		6A43B72C2875CDD100BA4EEF /* TabBar.swift in Sources */ = {isa = PBXBuildFile; fileRef = 6A43B72B2875CDD100BA4EEF /* TabBar.swift */; };
		6A7548002875531000A58F89 /* Home.swift in Sources */ = {isa = PBXBuildFile; fileRef = 6A7547FF2875531000A58F89 /* Home.swift */; };
		6A75480328755F3D00A58F89 /* AvatarView.swift in Sources */ = {isa = PBXBuildFile; fileRef = 6A75480228755F3D00A58F89 /* AvatarView.swift */; };
		6A7548052875605500A58F89 /* HomeView.swift in Sources */ = {isa = PBXBuildFile; fileRef = 6A7548042875605500A58F89 /* HomeView.swift */; };
		6A754808287562FA00A58F89 /* Extensions.swift in Sources */ = {isa = PBXBuildFile; fileRef = 6A754807287562FA00A58F89 /* Extensions.swift */; };
		6A75480A2875A68D00A58F89 /* SectionView.swift in Sources */ = {isa = PBXBuildFile; fileRef = 6A7548092875A68D00A58F89 /* SectionView.swift */; };
		6A75480D2875A8AB00A58F89 /* Section.swift in Sources */ = {isa = PBXBuildFile; fileRef = 6A75480C2875A8AB00A58F89 /* Section.swift */; };
		6A75480F2875B5B500A58F89 /* UpdateListView.swift in Sources */ = {isa = PBXBuildFile; fileRef = 6A75480E2875B5B400A58F89 /* UpdateListView.swift */; };
		6A7548112875B67E00A58F89 /* Update.swift in Sources */ = {isa = PBXBuildFile; fileRef = 6A7548102875B67E00A58F89 /* Update.swift */; };
		6AB51DEB287C12DC006FA205 /* RingView.swift in Sources */ = {isa = PBXBuildFile; fileRef = 6AB51DEA287C12DC006FA205 /* RingView.swift */; };
		6AB51DED287C449C006FA205 /* Modifiers.swift in Sources */ = {isa = PBXBuildFile; fileRef = 6AB51DEC287C449B006FA205 /* Modifiers.swift */; };
		6AB51E06287C4702006FA205 /* WorkSans-VariableFont_wght.ttf in Resources */ = {isa = PBXBuildFile; fileRef = 6AB51DEF287C4701006FA205 /* WorkSans-VariableFont_wght.ttf */; };
		6AB51E07287C4702006FA205 /* WorkSans-Regular.ttf in Resources */ = {isa = PBXBuildFile; fileRef = 6AB51DF1287C4701006FA205 /* WorkSans-Regular.ttf */; };
		6AB51E08287C4702006FA205 /* WorkSans-Light.ttf in Resources */ = {isa = PBXBuildFile; fileRef = 6AB51DF2287C4701006FA205 /* WorkSans-Light.ttf */; };
		6AB51E09287C4702006FA205 /* WorkSans-ExtraBold.ttf in Resources */ = {isa = PBXBuildFile; fileRef = 6AB51DF3287C4701006FA205 /* WorkSans-ExtraBold.ttf */; };
		6AB51E0A287C4702006FA205 /* WorkSans-SemiBoldItalic.ttf in Resources */ = {isa = PBXBuildFile; fileRef = 6AB51DF4287C4701006FA205 /* WorkSans-SemiBoldItalic.ttf */; };
		6AB51E0B287C4702006FA205 /* WorkSans-MediumItalic.ttf in Resources */ = {isa = PBXBuildFile; fileRef = 6AB51DF5287C4701006FA205 /* WorkSans-MediumItalic.ttf */; };
		6AB51E0C287C4702006FA205 /* WorkSans-BoldItalic.ttf in Resources */ = {isa = PBXBuildFile; fileRef = 6AB51DF6287C4701006FA205 /* WorkSans-BoldItalic.ttf */; };
		6AB51E0D287C4702006FA205 /* WorkSans-ExtraLight.ttf in Resources */ = {isa = PBXBuildFile; fileRef = 6AB51DF7287C4701006FA205 /* WorkSans-ExtraLight.ttf */; };
		6AB51E0E287C4702006FA205 /* WorkSans-ThinItalic.ttf in Resources */ = {isa = PBXBuildFile; fileRef = 6AB51DF8287C4701006FA205 /* WorkSans-ThinItalic.ttf */; };
		6AB51E0F287C4702006FA205 /* WorkSans-ExtraLightItalic.ttf in Resources */ = {isa = PBXBuildFile; fileRef = 6AB51DF9287C4701006FA205 /* WorkSans-ExtraLightItalic.ttf */; };
		6AB51E10287C4702006FA205 /* WorkSans-Medium.ttf in Resources */ = {isa = PBXBuildFile; fileRef = 6AB51DFA287C4701006FA205 /* WorkSans-Medium.ttf */; };
		6AB51E11287C4702006FA205 /* WorkSans-SemiBold.ttf in Resources */ = {isa = PBXBuildFile; fileRef = 6AB51DFB287C4701006FA205 /* WorkSans-SemiBold.ttf */; };
		6AB51E12287C4702006FA205 /* WorkSans-Italic.ttf in Resources */ = {isa = PBXBuildFile; fileRef = 6AB51DFC287C4701006FA205 /* WorkSans-Italic.ttf */; };
		6AB51E13287C4702006FA205 /* WorkSans-BlackItalic.ttf in Resources */ = {isa = PBXBuildFile; fileRef = 6AB51DFD287C4701006FA205 /* WorkSans-BlackItalic.ttf */; };
		6AB51E14287C4702006FA205 /* WorkSans-Thin.ttf in Resources */ = {isa = PBXBuildFile; fileRef = 6AB51DFE287C4701006FA205 /* WorkSans-Thin.ttf */; };
		6AB51E15287C4702006FA205 /* WorkSans-Black.ttf in Resources */ = {isa = PBXBuildFile; fileRef = 6AB51DFF287C4701006FA205 /* WorkSans-Black.ttf */; };
		6AB51E16287C4702006FA205 /* WorkSans-LightItalic.ttf in Resources */ = {isa = PBXBuildFile; fileRef = 6AB51E00287C4701006FA205 /* WorkSans-LightItalic.ttf */; };
		6AB51E17287C4702006FA205 /* WorkSans-ExtraBoldItalic.ttf in Resources */ = {isa = PBXBuildFile; fileRef = 6AB51E01287C4701006FA205 /* WorkSans-ExtraBoldItalic.ttf */; };
		6AB51E18287C4702006FA205 /* WorkSans-Bold.ttf in Resources */ = {isa = PBXBuildFile; fileRef = 6AB51E02287C4701006FA205 /* WorkSans-Bold.ttf */; };
		6AB51E19287C4702006FA205 /* WorkSans-Italic-VariableFont_wght.ttf in Resources */ = {isa = PBXBuildFile; fileRef = 6AB51E03287C4701006FA205 /* WorkSans-Italic-VariableFont_wght.ttf */; };
		6AB51E1A287C4702006FA205 /* OFL.txt in Resources */ = {isa = PBXBuildFile; fileRef = 6AB51E04287C4701006FA205 /* OFL.txt */; };
		6AB51E1B287C4702006FA205 /* README.txt in Resources */ = {isa = PBXBuildFile; fileRef = 6AB51E05287C4701006FA205 /* README.txt */; };
		6AB51E1E287C5294006FA205 /* CourseList.swift in Sources */ = {isa = PBXBuildFile; fileRef = 6AB51E1D287C5294006FA205 /* CourseList.swift */; };
		6ACD2A1A287C923600324AE6 /* Course.swift in Sources */ = {isa = PBXBuildFile; fileRef = 6ACD2A19287C923600324AE6 /* Course.swift */; };
/* End PBXBuildFile section */

/* Begin PBXFileReference section */
		6A393B672860D71400C98A2C /* portalView.app */ = {isa = PBXFileReference; explicitFileType = wrapper.application; includeInIndex = 0; path = portalView.app; sourceTree = BUILT_PRODUCTS_DIR; };
		6A393B6A2860D71400C98A2C /* portalViewApp.swift */ = {isa = PBXFileReference; lastKnownFileType = sourcecode.swift; path = portalViewApp.swift; sourceTree = "<group>"; };
		6A393B6C2860D71400C98A2C /* ContentView.swift */ = {isa = PBXFileReference; lastKnownFileType = sourcecode.swift; path = ContentView.swift; sourceTree = "<group>"; };
		6A393B6E2860D71500C98A2C /* Assets.xcassets */ = {isa = PBXFileReference; lastKnownFileType = folder.assetcatalog; path = Assets.xcassets; sourceTree = "<group>"; };
		6A393B712860D71500C98A2C /* Preview Assets.xcassets */ = {isa = PBXFileReference; lastKnownFileType = folder.assetcatalog; path = "Preview Assets.xcassets"; sourceTree = "<group>"; };
		6A393B7828619A5500C98A2C /* MenuView.swift */ = {isa = PBXFileReference; lastKnownFileType = sourcecode.swift; path = MenuView.swift; sourceTree = "<group>"; };
		6A43B7252875BCBF00BA4EEF /* UpdateRow.swift */ = {isa = PBXFileReference; lastKnownFileType = sourcecode.swift; path = UpdateRow.swift; sourceTree = "<group>"; };
		6A43B7272875BD6500BA4EEF /* UpdateDetailView.swift */ = {isa = PBXFileReference; lastKnownFileType = sourcecode.swift; path = UpdateDetailView.swift; sourceTree = "<group>"; };
		6A43B7292875C74A00BA4EEF /* UpdateStore.swift */ = {isa = PBXFileReference; lastKnownFileType = sourcecode.swift; path = UpdateStore.swift; sourceTree = "<group>"; };
		6A43B72B2875CDD100BA4EEF /* TabBar.swift */ = {isa = PBXFileReference; lastKnownFileType = sourcecode.swift; path = TabBar.swift; sourceTree = "<group>"; };
		6A7547FF2875531000A58F89 /* Home.swift */ = {isa = PBXFileReference; lastKnownFileType = sourcecode.swift; path = Home.swift; sourceTree = "<group>"; };
		6A75480228755F3D00A58F89 /* AvatarView.swift */ = {isa = PBXFileReference; lastKnownFileType = sourcecode.swift; path = AvatarView.swift; sourceTree = "<group>"; };
		6A7548042875605500A58F89 /* HomeView.swift */ = {isa = PBXFileReference; lastKnownFileType = sourcecode.swift; path = HomeView.swift; sourceTree = "<group>"; };
		6A754807287562FA00A58F89 /* Extensions.swift */ = {isa = PBXFileReference; lastKnownFileType = sourcecode.swift; path = Extensions.swift; sourceTree = "<group>"; };
		6A7548092875A68D00A58F89 /* SectionView.swift */ = {isa = PBXFileReference; lastKnownFileType = sourcecode.swift; path = SectionView.swift; sourceTree = "<group>"; };
		6A75480C2875A8AB00A58F89 /* Section.swift */ = {isa = PBXFileReference; lastKnownFileType = sourcecode.swift; path = Section.swift; sourceTree = "<group>"; };
		6A75480E2875B5B400A58F89 /* UpdateListView.swift */ = {isa = PBXFileReference; lastKnownFileType = sourcecode.swift; path = UpdateListView.swift; sourceTree = "<group>"; };
		6A7548102875B67E00A58F89 /* Update.swift */ = {isa = PBXFileReference; lastKnownFileType = sourcecode.swift; path = Update.swift; sourceTree = "<group>"; };
		6AB51DEA287C12DC006FA205 /* RingView.swift */ = {isa = PBXFileReference; lastKnownFileType = sourcecode.swift; path = RingView.swift; sourceTree = "<group>"; };
		6AB51DEC287C449B006FA205 /* Modifiers.swift */ = {isa = PBXFileReference; lastKnownFileType = sourcecode.swift; path = Modifiers.swift; sourceTree = "<group>"; };
		6AB51DEF287C4701006FA205 /* WorkSans-VariableFont_wght.ttf */ = {isa = PBXFileReference; lastKnownFileType = file; path = "WorkSans-VariableFont_wght.ttf"; sourceTree = "<group>"; };
		6AB51DF1287C4701006FA205 /* WorkSans-Regular.ttf */ = {isa = PBXFileReference; lastKnownFileType = file; path = "WorkSans-Regular.ttf"; sourceTree = "<group>"; };
		6AB51DF2287C4701006FA205 /* WorkSans-Light.ttf */ = {isa = PBXFileReference; lastKnownFileType = file; path = "WorkSans-Light.ttf"; sourceTree = "<group>"; };
		6AB51DF3287C4701006FA205 /* WorkSans-ExtraBold.ttf */ = {isa = PBXFileReference; lastKnownFileType = file; path = "WorkSans-ExtraBold.ttf"; sourceTree = "<group>"; };
		6AB51DF4287C4701006FA205 /* WorkSans-SemiBoldItalic.ttf */ = {isa = PBXFileReference; lastKnownFileType = file; path = "WorkSans-SemiBoldItalic.ttf"; sourceTree = "<group>"; };
		6AB51DF5287C4701006FA205 /* WorkSans-MediumItalic.ttf */ = {isa = PBXFileReference; lastKnownFileType = file; path = "WorkSans-MediumItalic.ttf"; sourceTree = "<group>"; };
		6AB51DF6287C4701006FA205 /* WorkSans-BoldItalic.ttf */ = {isa = PBXFileReference; lastKnownFileType = file; path = "WorkSans-BoldItalic.ttf"; sourceTree = "<group>"; };
		6AB51DF7287C4701006FA205 /* WorkSans-ExtraLight.ttf */ = {isa = PBXFileReference; lastKnownFileType = file; path = "WorkSans-ExtraLight.ttf"; sourceTree = "<group>"; };
		6AB51DF8287C4701006FA205 /* WorkSans-ThinItalic.ttf */ = {isa = PBXFileReference; lastKnownFileType = file; path = "WorkSans-ThinItalic.ttf"; sourceTree = "<group>"; };
		6AB51DF9287C4701006FA205 /* WorkSans-ExtraLightItalic.ttf */ = {isa = PBXFileReference; lastKnownFileType = file; path = "WorkSans-ExtraLightItalic.ttf"; sourceTree = "<group>"; };
		6AB51DFA287C4701006FA205 /* WorkSans-Medium.ttf */ = {isa = PBXFileReference; lastKnownFileType = file; path = "WorkSans-Medium.ttf"; sourceTree = "<group>"; };
		6AB51DFB287C4701006FA205 /* WorkSans-SemiBold.ttf */ = {isa = PBXFileReference; lastKnownFileType = file; path = "WorkSans-SemiBold.ttf"; sourceTree = "<group>"; };
		6AB51DFC287C4701006FA205 /* WorkSans-Italic.ttf */ = {isa = PBXFileReference; lastKnownFileType = file; path = "WorkSans-Italic.ttf"; sourceTree = "<group>"; };
		6AB51DFD287C4701006FA205 /* WorkSans-BlackItalic.ttf */ = {isa = PBXFileReference; lastKnownFileType = file; path = "WorkSans-BlackItalic.ttf"; sourceTree = "<group>"; };
		6AB51DFE287C4701006FA205 /* WorkSans-Thin.ttf */ = {isa = PBXFileReference; lastKnownFileType = file; path = "WorkSans-Thin.ttf"; sourceTree = "<group>"; };
		6AB51DFF287C4701006FA205 /* WorkSans-Black.ttf */ = {isa = PBXFileReference; lastKnownFileType = file; path = "WorkSans-Black.ttf"; sourceTree = "<group>"; };
		6AB51E00287C4701006FA205 /* WorkSans-LightItalic.ttf */ = {isa = PBXFileReference; lastKnownFileType = file; path = "WorkSans-LightItalic.ttf"; sourceTree = "<group>"; };
		6AB51E01287C4701006FA205 /* WorkSans-ExtraBoldItalic.ttf */ = {isa = PBXFileReference; lastKnownFileType = file; path = "WorkSans-ExtraBoldItalic.ttf"; sourceTree = "<group>"; };
		6AB51E02287C4701006FA205 /* WorkSans-Bold.ttf */ = {isa = PBXFileReference; lastKnownFileType = file; path = "WorkSans-Bold.ttf"; sourceTree = "<group>"; };
		6AB51E03287C4701006FA205 /* WorkSans-Italic-VariableFont_wght.ttf */ = {isa = PBXFileReference; lastKnownFileType = file; path = "WorkSans-Italic-VariableFont_wght.ttf"; sourceTree = "<group>"; };
		6AB51E04287C4701006FA205 /* OFL.txt */ = {isa = PBXFileReference; fileEncoding = 4; lastKnownFileType = text; path = OFL.txt; sourceTree = "<group>"; };
		6AB51E05287C4701006FA205 /* README.txt */ = {isa = PBXFileReference; fileEncoding = 4; lastKnownFileType = text; path = README.txt; sourceTree = "<group>"; };
		6AB51E1C287C4770006FA205 /* Info.plist */ = {isa = PBXFileReference; lastKnownFileType = text.plist; path = Info.plist; sourceTree = "<group>"; };
		6AB51E1D287C5294006FA205 /* CourseList.swift */ = {isa = PBXFileReference; lastKnownFileType = sourcecode.swift; path = CourseList.swift; sourceTree = "<group>"; };
		6ACD2A19287C923600324AE6 /* Course.swift */ = {isa = PBXFileReference; lastKnownFileType = sourcecode.swift; path = Course.swift; sourceTree = "<group>"; };
/* End PBXFileReference section */

/* Begin PBXFrameworksBuildPhase section */
		6A393B642860D71400C98A2C /* Frameworks */ = {
			isa = PBXFrameworksBuildPhase;
			buildActionMask = 2147483647;
			files = (
			);
			runOnlyForDeploymentPostprocessing = 0;
		};
/* End PBXFrameworksBuildPhase section */

/* Begin PBXGroup section */
		6A393B5E2860D71400C98A2C = {
			isa = PBXGroup;
			children = (
				6A393B692860D71400C98A2C /* portalView */,
				6A393B682860D71400C98A2C /* Products */,
			);
			sourceTree = "<group>";
		};
		6A393B682860D71400C98A2C /* Products */ = {
			isa = PBXGroup;
			children = (
				6A393B672860D71400C98A2C /* portalView.app */,
			);
			name = Products;
			sourceTree = "<group>";
		};
		6A393B692860D71400C98A2C /* portalView */ = {
			isa = PBXGroup;
			children = (
				6AB51E1C287C4770006FA205 /* Info.plist */,
				6A393B6A2860D71400C98A2C /* portalViewApp.swift */,
				6A75480B2875A8A100A58F89 /* Model */,
				6A75480128755F2A00A58F89 /* Views */,
				6A754806287562F100A58F89 /* Utils */,
				6A393B702860D71500C98A2C /* Preview Content */,
			);
			path = portalView;
			sourceTree = "<group>";
		};
		6A393B702860D71500C98A2C /* Preview Content */ = {
			isa = PBXGroup;
			children = (
				6AB51DEE287C4701006FA205 /* Work_Sans */,
				6A393B6E2860D71500C98A2C /* Assets.xcassets */,
				6A393B712860D71500C98A2C /* Preview Assets.xcassets */,
			);
			path = "Preview Content";
			sourceTree = "<group>";
		};
		6A75480128755F2A00A58F89 /* Views */ = {
			isa = PBXGroup;
			children = (
				6A7547FF2875531000A58F89 /* Home.swift */,
				6A393B6C2860D71400C98A2C /* ContentView.swift */,
				6A75480228755F3D00A58F89 /* AvatarView.swift */,
				6A393B7828619A5500C98A2C /* MenuView.swift */,
				6A7548042875605500A58F89 /* HomeView.swift */,
				6A7548092875A68D00A58F89 /* SectionView.swift */,
				6A75480E2875B5B400A58F89 /* UpdateListView.swift */,
				6A43B7252875BCBF00BA4EEF /* UpdateRow.swift */,
				6A43B7272875BD6500BA4EEF /* UpdateDetailView.swift */,
				6A43B72B2875CDD100BA4EEF /* TabBar.swift */,
				6AB51DEA287C12DC006FA205 /* RingView.swift */,
				6AB51DEC287C449B006FA205 /* Modifiers.swift */,
				6AB51E1D287C5294006FA205 /* CourseList.swift */,
			);
			path = Views;
			sourceTree = "<group>";
		};
		6A754806287562F100A58F89 /* Utils */ = {
			isa = PBXGroup;
			children = (
				6A754807287562FA00A58F89 /* Extensions.swift */,
			);
			path = Utils;
			sourceTree = "<group>";
		};
		6A75480B2875A8A100A58F89 /* Model */ = {
			isa = PBXGroup;
			children = (
				6A75480C2875A8AB00A58F89 /* Section.swift */,
				6A7548102875B67E00A58F89 /* Update.swift */,
				6A43B7292875C74A00BA4EEF /* UpdateStore.swift */,
				6ACD2A19287C923600324AE6 /* Course.swift */,
			);
			path = Model;
			sourceTree = "<group>";
		};
		6AB51DEE287C4701006FA205 /* Work_Sans */ = {
			isa = PBXGroup;
			children = (
				6AB51DEF287C4701006FA205 /* WorkSans-VariableFont_wght.ttf */,
				6AB51DF0287C4701006FA205 /* static */,
				6AB51E03287C4701006FA205 /* WorkSans-Italic-VariableFont_wght.ttf */,
				6AB51E04287C4701006FA205 /* OFL.txt */,
				6AB51E05287C4701006FA205 /* README.txt */,
			);
			path = Work_Sans;
			sourceTree = "<group>";
		};
		6AB51DF0287C4701006FA205 /* static */ = {
			isa = PBXGroup;
			children = (
				6AB51DF1287C4701006FA205 /* WorkSans-Regular.ttf */,
				6AB51DF2287C4701006FA205 /* WorkSans-Light.ttf */,
				6AB51DF3287C4701006FA205 /* WorkSans-ExtraBold.ttf */,
				6AB51DF4287C4701006FA205 /* WorkSans-SemiBoldItalic.ttf */,
				6AB51DF5287C4701006FA205 /* WorkSans-MediumItalic.ttf */,
				6AB51DF6287C4701006FA205 /* WorkSans-BoldItalic.ttf */,
				6AB51DF7287C4701006FA205 /* WorkSans-ExtraLight.ttf */,
				6AB51DF8287C4701006FA205 /* WorkSans-ThinItalic.ttf */,
				6AB51DF9287C4701006FA205 /* WorkSans-ExtraLightItalic.ttf */,
				6AB51DFA287C4701006FA205 /* WorkSans-Medium.ttf */,
				6AB51DFB287C4701006FA205 /* WorkSans-SemiBold.ttf */,
				6AB51DFC287C4701006FA205 /* WorkSans-Italic.ttf */,
				6AB51DFD287C4701006FA205 /* WorkSans-BlackItalic.ttf */,
				6AB51DFE287C4701006FA205 /* WorkSans-Thin.ttf */,
				6AB51DFF287C4701006FA205 /* WorkSans-Black.ttf */,
				6AB51E00287C4701006FA205 /* WorkSans-LightItalic.ttf */,
				6AB51E01287C4701006FA205 /* WorkSans-ExtraBoldItalic.ttf */,
				6AB51E02287C4701006FA205 /* WorkSans-Bold.ttf */,
			);
			path = static;
			sourceTree = "<group>";
		};
/* End PBXGroup section */

/* Begin PBXNativeTarget section */
		6A393B662860D71400C98A2C /* portalView */ = {
			isa = PBXNativeTarget;
			buildConfigurationList = 6A393B752860D71500C98A2C /* Build configuration list for PBXNativeTarget "portalView" */;
			buildPhases = (
				6A393B632860D71400C98A2C /* Sources */,
				6A393B642860D71400C98A2C /* Frameworks */,
				6A393B652860D71400C98A2C /* Resources */,
			);
			buildRules = (
			);
			dependencies = (
			);
			name = portalView;
			productName = portalView;
			productReference = 6A393B672860D71400C98A2C /* portalView.app */;
			productType = "com.apple.product-type.application";
		};
/* End PBXNativeTarget section */

/* Begin PBXProject section */
		6A393B5F2860D71400C98A2C /* Project object */ = {
			isa = PBXProject;
			attributes = {
				BuildIndependentTargetsInParallel = 1;
				LastSwiftUpdateCheck = 1340;
				LastUpgradeCheck = 1340;
				TargetAttributes = {
					6A393B662860D71400C98A2C = {
						CreatedOnToolsVersion = 13.4.1;
					};
				};
			};
			buildConfigurationList = 6A393B622860D71400C98A2C /* Build configuration list for PBXProject "portalView" */;
			compatibilityVersion = "Xcode 13.0";
			developmentRegion = en;
			hasScannedForEncodings = 0;
			knownRegions = (
				en,
				Base,
			);
			mainGroup = 6A393B5E2860D71400C98A2C;
			productRefGroup = 6A393B682860D71400C98A2C /* Products */;
			projectDirPath = "";
			projectRoot = "";
			targets = (
				6A393B662860D71400C98A2C /* portalView */,
			);
		};
/* End PBXProject section */

/* Begin PBXResourcesBuildPhase section */
		6A393B652860D71400C98A2C /* Resources */ = {
			isa = PBXResourcesBuildPhase;
			buildActionMask = 2147483647;
			files = (
				6AB51E16287C4702006FA205 /* WorkSans-LightItalic.ttf in Resources */,
				6A393B722860D71500C98A2C /* Preview Assets.xcassets in Resources */,
				6AB51E0C287C4702006FA205 /* WorkSans-BoldItalic.ttf in Resources */,
				6AB51E0E287C4702006FA205 /* WorkSans-ThinItalic.ttf in Resources */,
				6AB51E0B287C4702006FA205 /* WorkSans-MediumItalic.ttf in Resources */,
				6AB51E0F287C4702006FA205 /* WorkSans-ExtraLightItalic.ttf in Resources */,
				6A393B6F2860D71500C98A2C /* Assets.xcassets in Resources */,
				6AB51E0A287C4702006FA205 /* WorkSans-SemiBoldItalic.ttf in Resources */,
				6AB51E17287C4702006FA205 /* WorkSans-ExtraBoldItalic.ttf in Resources */,
				6AB51E06287C4702006FA205 /* WorkSans-VariableFont_wght.ttf in Resources */,
				6AB51E14287C4702006FA205 /* WorkSans-Thin.ttf in Resources */,
				6AB51E0D287C4702006FA205 /* WorkSans-ExtraLight.ttf in Resources */,
				6AB51E1A287C4702006FA205 /* OFL.txt in Resources */,
				6AB51E11287C4702006FA205 /* WorkSans-SemiBold.ttf in Resources */,
				6AB51E07287C4702006FA205 /* WorkSans-Regular.ttf in Resources */,
				6AB51E15287C4702006FA205 /* WorkSans-Black.ttf in Resources */,
				6AB51E09287C4702006FA205 /* WorkSans-ExtraBold.ttf in Resources */,
				6AB51E13287C4702006FA205 /* WorkSans-BlackItalic.ttf in Resources */,
				6AB51E19287C4702006FA205 /* WorkSans-Italic-VariableFont_wght.ttf in Resources */,
				6AB51E10287C4702006FA205 /* WorkSans-Medium.ttf in Resources */,
				6AB51E12287C4702006FA205 /* WorkSans-Italic.ttf in Resources */,
				6AB51E08287C4702006FA205 /* WorkSans-Light.ttf in Resources */,
				6AB51E1B287C4702006FA205 /* README.txt in Resources */,
				6AB51E18287C4702006FA205 /* WorkSans-Bold.ttf in Resources */,
			);
			runOnlyForDeploymentPostprocessing = 0;
		};
/* End PBXResourcesBuildPhase section */

/* Begin PBXSourcesBuildPhase section */
		6A393B632860D71400C98A2C /* Sources */ = {
			isa = PBXSourcesBuildPhase;
			buildActionMask = 2147483647;
			files = (
				6A7548112875B67E00A58F89 /* Update.swift in Sources */,
				6A75480D2875A8AB00A58F89 /* Section.swift in Sources */,
				6A393B6D2860D71400C98A2C /* ContentView.swift in Sources */,
				6A393B7928619A5500C98A2C /* MenuView.swift in Sources */,
				6AB51DEB287C12DC006FA205 /* RingView.swift in Sources */,
				6A43B7282875BD6500BA4EEF /* UpdateDetailView.swift in Sources */,
				6A75480F2875B5B500A58F89 /* UpdateListView.swift in Sources */,
				6ACD2A1A287C923600324AE6 /* Course.swift in Sources */,
				6A43B7262875BCBF00BA4EEF /* UpdateRow.swift in Sources */,
				6A7548002875531000A58F89 /* Home.swift in Sources */,
				6A7548052875605500A58F89 /* HomeView.swift in Sources */,
				6AB51E1E287C5294006FA205 /* CourseList.swift in Sources */,
				6A43B72C2875CDD100BA4EEF /* TabBar.swift in Sources */,
				6AB51DED287C449C006FA205 /* Modifiers.swift in Sources */,
				6A75480A2875A68D00A58F89 /* SectionView.swift in Sources */,
				6A75480328755F3D00A58F89 /* AvatarView.swift in Sources */,
				6A393B6B2860D71400C98A2C /* portalViewApp.swift in Sources */,
				6A43B72A2875C74A00BA4EEF /* UpdateStore.swift in Sources */,
				6A754808287562FA00A58F89 /* Extensions.swift in Sources */,
			);
			runOnlyForDeploymentPostprocessing = 0;
		};
/* End PBXSourcesBuildPhase section */

/* Begin XCBuildConfiguration section */
		6A393B732860D71500C98A2C /* Debug */ = {
			isa = XCBuildConfiguration;
			buildSettings = {
				ALWAYS_SEARCH_USER_PATHS = NO;
				CLANG_ANALYZER_NONNULL = YES;
				CLANG_ANALYZER_NUMBER_OBJECT_CONVERSION = YES_AGGRESSIVE;
				CLANG_CXX_LANGUAGE_STANDARD = "gnu++17";
				CLANG_ENABLE_MODULES = YES;
				CLANG_ENABLE_OBJC_ARC = YES;
				CLANG_ENABLE_OBJC_WEAK = YES;
				CLANG_WARN_BLOCK_CAPTURE_AUTORELEASING = YES;
				CLANG_WARN_BOOL_CONVERSION = YES;
				CLANG_WARN_COMMA = YES;
				CLANG_WARN_CONSTANT_CONVERSION = YES;
				CLANG_WARN_DEPRECATED_OBJC_IMPLEMENTATIONS = YES;
				CLANG_WARN_DIRECT_OBJC_ISA_USAGE = YES_ERROR;
				CLANG_WARN_DOCUMENTATION_COMMENTS = YES;
				CLANG_WARN_EMPTY_BODY = YES;
				CLANG_WARN_ENUM_CONVERSION = YES;
				CLANG_WARN_INFINITE_RECURSION = YES;
				CLANG_WARN_INT_CONVERSION = YES;
				CLANG_WARN_NON_LITERAL_NULL_CONVERSION = YES;
				CLANG_WARN_OBJC_IMPLICIT_RETAIN_SELF = YES;
				CLANG_WARN_OBJC_LITERAL_CONVERSION = YES;
				CLANG_WARN_OBJC_ROOT_CLASS = YES_ERROR;
				CLANG_WARN_QUOTED_INCLUDE_IN_FRAMEWORK_HEADER = YES;
				CLANG_WARN_RANGE_LOOP_ANALYSIS = YES;
				CLANG_WARN_STRICT_PROTOTYPES = YES;
				CLANG_WARN_SUSPICIOUS_MOVE = YES;
				CLANG_WARN_UNGUARDED_AVAILABILITY = YES_AGGRESSIVE;
				CLANG_WARN_UNREACHABLE_CODE = YES;
				CLANG_WARN__DUPLICATE_METHOD_MATCH = YES;
				COPY_PHASE_STRIP = NO;
				DEBUG_INFORMATION_FORMAT = dwarf;
				ENABLE_STRICT_OBJC_MSGSEND = YES;
				ENABLE_TESTABILITY = YES;
				GCC_C_LANGUAGE_STANDARD = gnu11;
				GCC_DYNAMIC_NO_PIC = NO;
				GCC_NO_COMMON_BLOCKS = YES;
				GCC_OPTIMIZATION_LEVEL = 0;
				GCC_PREPROCESSOR_DEFINITIONS = (
					"DEBUG=1",
					"$(inherited)",
				);
				GCC_WARN_64_TO_32_BIT_CONVERSION = YES;
				GCC_WARN_ABOUT_RETURN_TYPE = YES_ERROR;
				GCC_WARN_UNDECLARED_SELECTOR = YES;
				GCC_WARN_UNINITIALIZED_AUTOS = YES_AGGRESSIVE;
				GCC_WARN_UNUSED_FUNCTION = YES;
				GCC_WARN_UNUSED_VARIABLE = YES;
				IPHONEOS_DEPLOYMENT_TARGET = 15.5;
				MTL_ENABLE_DEBUG_INFO = INCLUDE_SOURCE;
				MTL_FAST_MATH = YES;
				ONLY_ACTIVE_ARCH = YES;
				SDKROOT = iphoneos;
				SWIFT_ACTIVE_COMPILATION_CONDITIONS = DEBUG;
				SWIFT_OPTIMIZATION_LEVEL = "-Onone";
			};
			name = Debug;
		};
		6A393B742860D71500C98A2C /* Release */ = {
			isa = XCBuildConfiguration;
			buildSettings = {
				ALWAYS_SEARCH_USER_PATHS = NO;
				CLANG_ANALYZER_NONNULL = YES;
				CLANG_ANALYZER_NUMBER_OBJECT_CONVERSION = YES_AGGRESSIVE;
				CLANG_CXX_LANGUAGE_STANDARD = "gnu++17";
				CLANG_ENABLE_MODULES = YES;
				CLANG_ENABLE_OBJC_ARC = YES;
				CLANG_ENABLE_OBJC_WEAK = YES;
				CLANG_WARN_BLOCK_CAPTURE_AUTORELEASING = YES;
				CLANG_WARN_BOOL_CONVERSION = YES;
				CLANG_WARN_COMMA = YES;
				CLANG_WARN_CONSTANT_CONVERSION = YES;
				CLANG_WARN_DEPRECATED_OBJC_IMPLEMENTATIONS = YES;
				CLANG_WARN_DIRECT_OBJC_ISA_USAGE = YES_ERROR;
				CLANG_WARN_DOCUMENTATION_COMMENTS = YES;
				CLANG_WARN_EMPTY_BODY = YES;
				CLANG_WARN_ENUM_CONVERSION = YES;
				CLANG_WARN_INFINITE_RECURSION = YES;
				CLANG_WARN_INT_CONVERSION = YES;
				CLANG_WARN_NON_LITERAL_NULL_CONVERSION = YES;
				CLANG_WARN_OBJC_IMPLICIT_RETAIN_SELF = YES;
				CLANG_WARN_OBJC_LITERAL_CONVERSION = YES;
				CLANG_WARN_OBJC_ROOT_CLASS = YES_ERROR;
				CLANG_WARN_QUOTED_INCLUDE_IN_FRAMEWORK_HEADER = YES;
				CLANG_WARN_RANGE_LOOP_ANALYSIS = YES;
				CLANG_WARN_STRICT_PROTOTYPES = YES;
				CLANG_WARN_SUSPICIOUS_MOVE = YES;
				CLANG_WARN_UNGUARDED_AVAILABILITY = YES_AGGRESSIVE;
				CLANG_WARN_UNREACHABLE_CODE = YES;
				CLANG_WARN__DUPLICATE_METHOD_MATCH = YES;
				COPY_PHASE_STRIP = NO;
				DEBUG_INFORMATION_FORMAT = "dwarf-with-dsym";
				ENABLE_NS_ASSERTIONS = NO;
				ENABLE_STRICT_OBJC_MSGSEND = YES;
				GCC_C_LANGUAGE_STANDARD = gnu11;
				GCC_NO_COMMON_BLOCKS = YES;
				GCC_WARN_64_TO_32_BIT_CONVERSION = YES;
				GCC_WARN_ABOUT_RETURN_TYPE = YES_ERROR;
				GCC_WARN_UNDECLARED_SELECTOR = YES;
				GCC_WARN_UNINITIALIZED_AUTOS = YES_AGGRESSIVE;
				GCC_WARN_UNUSED_FUNCTION = YES;
				GCC_WARN_UNUSED_VARIABLE = YES;
				IPHONEOS_DEPLOYMENT_TARGET = 15.5;
				MTL_ENABLE_DEBUG_INFO = NO;
				MTL_FAST_MATH = YES;
				SDKROOT = iphoneos;
				SWIFT_COMPILATION_MODE = wholemodule;
				SWIFT_OPTIMIZATION_LEVEL = "-O";
				VALIDATE_PRODUCT = YES;
			};
			name = Release;
		};
		6A393B762860D71500C98A2C /* Debug */ = {
			isa = XCBuildConfiguration;
			buildSettings = {
				ASSETCATALOG_COMPILER_APPICON_NAME = AppIcon;
				ASSETCATALOG_COMPILER_GLOBAL_ACCENT_COLOR_NAME = AccentColor;
				CODE_SIGN_STYLE = Automatic;
				CURRENT_PROJECT_VERSION = 1;
				DEVELOPMENT_ASSET_PATHS = "\"portalView/Preview Content\"";
				DEVELOPMENT_TEAM = 8K52FAQ674;
				ENABLE_PREVIEWS = YES;
				GENERATE_INFOPLIST_FILE = YES;
				INFOPLIST_FILE = portalView/Info.plist;
				INFOPLIST_KEY_UIApplicationSceneManifest_Generation = YES;
				INFOPLIST_KEY_UIApplicationSupportsIndirectInputEvents = YES;
				INFOPLIST_KEY_UILaunchScreen_Generation = YES;
				INFOPLIST_KEY_UISupportedInterfaceOrientations_iPad = "UIInterfaceOrientationPortrait UIInterfaceOrientationPortraitUpsideDown UIInterfaceOrientationLandscapeLeft UIInterfaceOrientationLandscapeRight";
				INFOPLIST_KEY_UISupportedInterfaceOrientations_iPhone = "UIInterfaceOrientationPortrait UIInterfaceOrientationLandscapeLeft UIInterfaceOrientationLandscapeRight";
				LD_RUNPATH_SEARCH_PATHS = (
					"$(inherited)",
					"@executable_path/Frameworks",
				);
				MARKETING_VERSION = 1.0;
				PRODUCT_BUNDLE_IDENTIFIER = pae.portalView;
				PRODUCT_NAME = "$(TARGET_NAME)";
				SWIFT_EMIT_LOC_STRINGS = YES;
				SWIFT_VERSION = 5.0;
				TARGETED_DEVICE_FAMILY = "1,2";
			};
			name = Debug;
		};
		6A393B772860D71500C98A2C /* Release */ = {
			isa = XCBuildConfiguration;
			buildSettings = {
				ASSETCATALOG_COMPILER_APPICON_NAME = AppIcon;
				ASSETCATALOG_COMPILER_GLOBAL_ACCENT_COLOR_NAME = AccentColor;
				CODE_SIGN_STYLE = Automatic;
				CURRENT_PROJECT_VERSION = 1;
				DEVELOPMENT_ASSET_PATHS = "\"portalView/Preview Content\"";
				DEVELOPMENT_TEAM = 8K52FAQ674;
				ENABLE_PREVIEWS = YES;
				GENERATE_INFOPLIST_FILE = YES;
				INFOPLIST_FILE = portalView/Info.plist;
				INFOPLIST_KEY_UIApplicationSceneManifest_Generation = YES;
				INFOPLIST_KEY_UIApplicationSupportsIndirectInputEvents = YES;
				INFOPLIST_KEY_UILaunchScreen_Generation = YES;
				INFOPLIST_KEY_UISupportedInterfaceOrientations_iPad = "UIInterfaceOrientationPortrait UIInterfaceOrientationPortraitUpsideDown UIInterfaceOrientationLandscapeLeft UIInterfaceOrientationLandscapeRight";
				INFOPLIST_KEY_UISupportedInterfaceOrientations_iPhone = "UIInterfaceOrientationPortrait UIInterfaceOrientationLandscapeLeft UIInterfaceOrientationLandscapeRight";
				LD_RUNPATH_SEARCH_PATHS = (
					"$(inherited)",
					"@executable_path/Frameworks",
				);
				MARKETING_VERSION = 1.0;
				PRODUCT_BUNDLE_IDENTIFIER = pae.portalView;
				PRODUCT_NAME = "$(TARGET_NAME)";
				SWIFT_EMIT_LOC_STRINGS = YES;
				SWIFT_VERSION = 5.0;
				TARGETED_DEVICE_FAMILY = "1,2";
			};
			name = Release;
		};
/* End XCBuildConfiguration section */

/* Begin XCConfigurationList section */
		6A393B622860D71400C98A2C /* Build configuration list for PBXProject "portalView" */ = {
			isa = XCConfigurationList;
			buildConfigurations = (
				6A393B732860D71500C98A2C /* Debug */,
				6A393B742860D71500C98A2C /* Release */,
			);
			defaultConfigurationIsVisible = 0;
			defaultConfigurationName = Release;
		};
		6A393B752860D71500C98A2C /* Build configuration list for PBXNativeTarget "portalView" */ = {
			isa = XCConfigurationList;
			buildConfigurations = (
				6A393B762860D71500C98A2C /* Debug */,
				6A393B772860D71500C98A2C /* Release */,
			);
			defaultConfigurationIsVisible = 0;
			defaultConfigurationName = Release;
		};
/* End XCConfigurationList section */
	};
	rootObject = 6A393B5F2860D71400C98A2C /* Project object */;
}
